{
  "nodes": {
    "controlstructures-master": {
      "inputs": {
        "flakeNimbleLib": [
          "flakeNimbleLib"
        ],
        "nixpkgs": [
          "nixpkgs"
        ],
        "src-controlStructures-master": "src-controlStructures-master"
      },
      "locked": {
        "dir": "master",
        "lastModified": 1667322216,
        "narHash": "sha256-fHTm6Yk7QGjm3dszdrom5193biTvctwdUEfusup2cLk=",
        "owner": "nim-nix-pkgs",
        "repo": "controlstructures",
        "rev": "8a0f65f234624d819bd3014f3193490211b50ec4",
        "type": "github"
      },
      "original": {
        "dir": "master",
        "owner": "nim-nix-pkgs",
        "ref": "master",
        "repo": "controlstructures",
        "type": "github"
      }
    },
    "flakeNimbleLib": {
      "inputs": {
        "nixpkgs": [
          "nixpkgs"
        ]
      },
      "locked": {
        "lastModified": 1662018438,
        "narHash": "sha256-QtNtU6+LX3Wokxf0zlFwKTFOcn6TeDjKQZ+DA9OYtvM=",
        "owner": "riinr",
        "repo": "nim-flakes-lib",
        "rev": "b1fe8340736e3a85d25c709ac3dfd82a55c03cbf",
        "type": "github"
      },
      "original": {
        "owner": "riinr",
        "ref": "master",
        "repo": "nim-flakes-lib",
        "type": "github"
      }
    },
    "nixpkgs": {
      "locked": {
        "lastModified": 1667199707,
        "narHash": "sha256-I2Js3Y7gUyVSEXPULHlBoRek4Lh85vnevdS6mdvDNLI=",
        "owner": "NixOS",
        "repo": "nixpkgs",
        "rev": "ced197be72099edcfa68ebed8b87af7b04851f45",
        "type": "github"
      },
      "original": {
        "id": "nixpkgs",
        "type": "indirect"
      }
    },
    "root": {
      "inputs": {
        "controlstructures-master": "controlstructures-master",
        "flakeNimbleLib": "flakeNimbleLib",
        "nixpkgs": "nixpkgs"
      }
    },
    "src-controlStructures-master": {
      "flake": false,
      "locked": {
        "lastModified": 1520665979,
        "narHash": "sha256-ApXHHxOkcK+/GI1jIAnyOl2Wi0r5v0EHtwYzQeRfCvc=",
        "owner": "TakeYourFreedom",
        "repo": "Additional-Control-Structures-for-Nim",
        "rev": "60d80ea2a21dbd536c3443ab9b27340f27b7521c",
        "type": "github"
      },
      "original": {
        "owner": "TakeYourFreedom",
        "ref": "refs/heads/master",
        "repo": "Additional-Control-Structures-for-Nim",
        "type": "github"
      }
    }
  },
  "root": "root",
  "version": 7
}
